// !$*UTF8*$!
{
	archiveVersion = 1;
	classes = {
	};
	objectVersion = 50;
	objects = {

/* Begin PBXBuildFile section */
		DF420DA526EC8618003B136D /* swift_projectApp.swift in Sources */ = {isa = PBXBuildFile; fileRef = DF420D9226EC860C003B136D /* swift_projectApp.swift */; };
		DF420DA626EC8618003B136D /* swift_projectApp.swift in Sources */ = {isa = PBXBuildFile; fileRef = DF420D9226EC860C003B136D /* swift_projectApp.swift */; };
		DF420DA726EC8618003B136D /* ContentView.swift in Sources */ = {isa = PBXBuildFile; fileRef = DF420D9326EC860C003B136D /* ContentView.swift */; };
		DF420DA826EC8618003B136D /* ContentView.swift in Sources */ = {isa = PBXBuildFile; fileRef = DF420D9326EC860C003B136D /* ContentView.swift */; };
		DF420DA926EC8618003B136D /* Assets.xcassets in Resources */ = {isa = PBXBuildFile; fileRef = DF420D9426EC8618003B136D /* Assets.xcassets */; };
		DF420DAA26EC8618003B136D /* Assets.xcassets in Resources */ = {isa = PBXBuildFile; fileRef = DF420D9426EC8618003B136D /* Assets.xcassets */; };
/* End PBXBuildFile section */

/* Begin PBXFileReference section */
		DF420D9226EC860C003B136D /* swift_projectApp.swift */ = {isa = PBXFileReference; lastKnownFileType = sourcecode.swift; path = swift_projectApp.swift; sourceTree = "<group>"; };
		DF420D9326EC860C003B136D /* ContentView.swift */ = {isa = PBXFileReference; lastKnownFileType = sourcecode.swift; path = ContentView.swift; sourceTree = "<group>"; };
		DF420D9426EC8618003B136D /* Assets.xcassets */ = {isa = PBXFileReference; lastKnownFileType = folder.assetcatalog; path = Assets.xcassets; sourceTree = "<group>"; };
		DF420D9926EC8618003B136D /* swift-project.app */ = {isa = PBXFileReference; explicitFileType = wrapper.application; includeInIndex = 0; path = "swift-project.app"; sourceTree = BUILT_PRODUCTS_DIR; };
		DF420D9C26EC8618003B136D /* Info.plist */ = {isa = PBXFileReference; lastKnownFileType = text.plist.xml; path = Info.plist; sourceTree = "<group>"; };
		DF420DA126EC8618003B136D /* swift-project.app */ = {isa = PBXFileReference; explicitFileType = wrapper.application; includeInIndex = 0; path = "swift-project.app"; sourceTree = BUILT_PRODUCTS_DIR; };
		DF420DA326EC8618003B136D /* Info.plist */ = {isa = PBXFileReference; lastKnownFileType = text.plist.xml; path = Info.plist; sourceTree = "<group>"; };
		DF420DA426EC8618003B136D /* macOS.entitlements */ = {isa = PBXFileReference; lastKnownFileType = text.plist.entitlements; path = macOS.entitlements; sourceTree = "<group>"; };
/* End PBXFileReference section */

/* Begin PBXFrameworksBuildPhase section */
		DF420D9626EC8618003B136D /* Frameworks */ = {
			isa = PBXFrameworksBuildPhase;
			buildActionMask = 2147483647;
			files = (
			);
			runOnlyForDeploymentPostprocessing = 0;
		};
		DF420D9E26EC8618003B136D /* Frameworks */ = {
			isa = PBXFrameworksBuildPhase;
			buildActionMask = 2147483647;
			files = (
			);
			runOnlyForDeploymentPostprocessing = 0;
		};
/* End PBXFrameworksBuildPhase section */

/* Begin PBXGroup section */
		DF420D8C26EC860C003B136D = {
			isa = PBXGroup;
			children = (
				DF420D9126EC860C003B136D /* Shared */,
				DF420D9B26EC8618003B136D /* iOS */,
				DF420DA226EC8618003B136D /* macOS */,
				DF420D9A26EC8618003B136D /* Products */,
			);
			sourceTree = "<group>";
		};
		DF420D9126EC860C003B136D /* Shared */ = {
			isa = PBXGroup;
			children = (
				DF420D9226EC860C003B136D /* swift_projectApp.swift */,
				DF420D9326EC860C003B136D /* ContentView.swift */,
				DF420D9426EC8618003B136D /* Assets.xcassets */,
			);
			path = Shared;
			sourceTree = "<group>";
		};
		DF420D9A26EC8618003B136D /* Products */ = {
			isa = PBXGroup;
			children = (
				DF420D9926EC8618003B136D /* swift-project.app */,
				DF420DA126EC8618003B136D /* swift-project.app */,
			);
			name = Products;
			sourceTree = "<group>";
		};
		DF420D9B26EC8618003B136D /* iOS */ = {
			isa = PBXGroup;
			children = (
				DF420D9C26EC8618003B136D /* Info.plist */,
			);
			path = iOS;
			sourceTree = "<group>";
		};
		DF420DA226EC8618003B136D /* macOS */ = {
			isa = PBXGroup;
			children = (
				DF420DA326EC8618003B136D /* Info.plist */,
				DF420DA426EC8618003B136D /* macOS.entitlements */,
			);
			path = macOS;
			sourceTree = "<group>";
		};
/* End PBXGroup section */

/* Begin PBXNativeTarget section */
		DF420D9826EC8618003B136D /* swift-project (iOS) */ = {
			isa = PBXNativeTarget;
			buildConfigurationList = DF420DAD26EC8618003B136D /* Build configuration list for PBXNativeTarget "swift-project (iOS)" */;
			buildPhases = (
				DF420D9526EC8618003B136D /* Sources */,
				DF420D9626EC8618003B136D /* Frameworks */,
				DF420D9726EC8618003B136D /* Resources */,
			);
			buildRules = (
			);
			dependencies = (
			);
			name = "swift-project (iOS)";
			productName = "swift-project (iOS)";
			productReference = DF420D9926EC8618003B136D /* swift-project.app */;
			productType = "com.apple.product-type.application";
		};
		DF420DA026EC8618003B136D /* swift-project (macOS) */ = {
			isa = PBXNativeTarget;
			buildConfigurationList = DF420DB026EC8618003B136D /* Build configuration list for PBXNativeTarget "swift-project (macOS)" */;
			buildPhases = (
				DF420D9D26EC8618003B136D /* Sources */,
				DF420D9E26EC8618003B136D /* Frameworks */,
				DF420D9F26EC8618003B136D /* Resources */,
			);
			buildRules = (
			);
			dependencies = (
			);
			name = "swift-project (macOS)";
			productName = "swift-project (macOS)";
			productReference = DF420DA126EC8618003B136D /* swift-project.app */;
			productType = "com.apple.product-type.application";
		};
/* End PBXNativeTarget section */

/* Begin PBXProject section */
		DF420D8D26EC860C003B136D /* Project object */ = {
			isa = PBXProject;
			attributes = {
				LastSwiftUpdateCheck = 1230;
				LastUpgradeCheck = 1230;
				TargetAttributes = {
					DF420D9826EC8618003B136D = {
						CreatedOnToolsVersion = 12.3;
					};
					DF420DA026EC8618003B136D = {
						CreatedOnToolsVersion = 12.3;
					};
				};
			};
			buildConfigurationList = DF420D9026EC860C003B136D /* Build configuration list for PBXProject "swift-project" */;
			compatibilityVersion = "Xcode 9.3";
			developmentRegion = en;
			hasScannedForEncodings = 0;
			knownRegions = (
				en,
				Base,
			);
			mainGroup = DF420D8C26EC860C003B136D;
			productRefGroup = DF420D9A26EC8618003B136D /* Products */;
			projectDirPath = "";
			projectRoot = "";
			targets = (
				DF420D9826EC8618003B136D /* swift-project (iOS) */,
				DF420DA026EC8618003B136D /* swift-project (macOS) */,
			);
		};
/* End PBXProject section */

/* Begin PBXResourcesBuildPhase section */
		DF420D9726EC8618003B136D /* Resources */ = {
			isa = PBXResourcesBuildPhase;
			buildActionMask = 2147483647;
			files = (
				DF420DA926EC8618003B136D /* Assets.xcassets in Resources */,
			);
			runOnlyForDeploymentPostprocessing = 0;
		};
		DF420D9F26EC8618003B136D /* Resources */ = {
			isa = PBXResourcesBuildPhase;
			buildActionMask = 2147483647;
			files = (
				DF420DAA26EC8618003B136D /* Assets.xcassets in Resources */,
			);
			runOnlyForDeploymentPostprocessing = 0;
		};
/* End PBXResourcesBuildPhase section */

/* Begin PBXSourcesBuildPhase section */
		DF420D9526EC8618003B136D /* Sources */ = {
			isa = PBXSourcesBuildPhase;
			buildActionMask = 2147483647;
			files = (
				DF420DA726EC8618003B136D /* ContentView.swift in Sources */,
				DF420DA526EC8618003B136D /* swift_projectApp.swift in Sources */,
			);
			runOnlyForDeploymentPostprocessing = 0;
		};
		DF420D9D26EC8618003B136D /* Sources */ = {
			isa = PBXSourcesBuildPhase;
			buildActionMask = 2147483647;
			files = (
				DF420DA826EC8618003B136D /* ContentView.swift in Sources */,
				DF420DA626EC8618003B136D /* swift_projectApp.swift in Sources */,
			);
			runOnlyForDeploymentPostprocessing = 0;
		};
/* End PBXSourcesBuildPhase section */

/* Begin XCBuildConfiguration section */
		DF420DAB26EC8618003B136D /* Debug */ = {
			isa = XCBuildConfiguration;
			buildSettings = {
				ALWAYS_SEARCH_USER_PATHS = NO;
				CLANG_ANALYZER_NONNULL = YES;
				CLANG_ANALYZER_NUMBER_OBJECT_CONVERSION = YES_AGGRESSIVE;
				CLANG_CXX_LANGUAGE_STANDARD = "gnu++14";
				CLANG_CXX_LIBRARY = "libc++";
				CLANG_ENABLE_MODULES = YES;
				CLANG_ENABLE_OBJC_ARC = YES;
				CLANG_ENABLE_OBJC_WEAK = YES;
				CLANG_WARN_BLOCK_CAPTURE_AUTORELEASING = YES;
				CLANG_WARN_BOOL_CONVERSION = YES;
				CLANG_WARN_COMMA = YES;
				CLANG_WARN_CONSTANT_CONVERSION = YES;
				CLANG_WARN_DEPRECATED_OBJC_IMPLEMENTATIONS = YES;
				CLANG_WARN_DIRECT_OBJC_ISA_USAGE = YES_ERROR;
				CLANG_WARN_DOCUMENTATION_COMMENTS = YES;
				CLANG_WARN_EMPTY_BODY = YES;
				CLANG_WARN_ENUM_CONVERSION = YES;
				CLANG_WARN_INFINITE_RECURSION = YES;
				CLANG_WARN_INT_CONVERSION = YES;
				CLANG_WARN_NON_LITERAL_NULL_CONVERSION = YES;
				CLANG_WARN_OBJC_IMPLICIT_RETAIN_SELF = YES;
				CLANG_WARN_OBJC_LITERAL_CONVERSION = YES;
				CLANG_WARN_OBJC_ROOT_CLASS = YES_ERROR;
				CLANG_WARN_QUOTED_INCLUDE_IN_FRAMEWORK_HEADER = YES;
				CLANG_WARN_RANGE_LOOP_ANALYSIS = YES;
				CLANG_WARN_STRICT_PROTOTYPES = YES;
				CLANG_WARN_SUSPICIOUS_MOVE = YES;
				CLANG_WARN_UNGUARDED_AVAILABILITY = YES_AGGRESSIVE;
				CLANG_WARN_UNREACHABLE_CODE = YES;
				CLANG_WARN__DUPLICATE_METHOD_MATCH = YES;
				COPY_PHASE_STRIP = NO;
				DEBUG_INFORMATION_FORMAT = dwarf;
				ENABLE_STRICT_OBJC_MSGSEND = YES;
				ENABLE_TESTABILITY = YES;
				GCC_C_LANGUAGE_STANDARD = gnu11;
				GCC_DYNAMIC_NO_PIC = NO;
				GCC_NO_COMMON_BLOCKS = YES;
				GCC_OPTIMIZATION_LEVEL = 0;
				GCC_PREPROCESSOR_DEFINITIONS = (
					"DEBUG=1",
					"$(inherited)",
				);
				GCC_WARN_64_TO_32_BIT_CONVERSION = YES;
				GCC_WARN_ABOUT_RETURN_TYPE = YES_ERROR;
				GCC_WARN_UNDECLARED_SELECTOR = YES;
				GCC_WARN_UNINITIALIZED_AUTOS = YES_AGGRESSIVE;
				GCC_WARN_UNUSED_FUNCTION = YES;
				GCC_WARN_UNUSED_VARIABLE = YES;
				MTL_ENABLE_DEBUG_INFO = INCLUDE_SOURCE;
				MTL_FAST_MATH = YES;
				ONLY_ACTIVE_ARCH = YES;
				SWIFT_ACTIVE_COMPILATION_CONDITIONS = DEBUG;
				SWIFT_OPTIMIZATION_LEVEL = "-Onone";
			};
			name = Debug;
		};
		DF420DAC26EC8618003B136D /* Release */ = {
			isa = XCBuildConfiguration;
			buildSettings = {
				ALWAYS_SEARCH_USER_PATHS = NO;
				CLANG_ANALYZER_NONNULL = YES;
				CLANG_ANALYZER_NUMBER_OBJECT_CONVERSION = YES_AGGRESSIVE;
				CLANG_CXX_LANGUAGE_STANDARD = "gnu++14";
				CLANG_CXX_LIBRARY = "libc++";
				CLANG_ENABLE_MODULES = YES;
				CLANG_ENABLE_OBJC_ARC = YES;
				CLANG_ENABLE_OBJC_WEAK = YES;
				CLANG_WARN_BLOCK_CAPTURE_AUTORELEASING = YES;
				CLANG_WARN_BOOL_CONVERSION = YES;
				CLANG_WARN_COMMA = YES;
				CLANG_WARN_CONSTANT_CONVERSION = YES;
				CLANG_WARN_DEPRECATED_OBJC_IMPLEMENTATIONS = YES;
				CLANG_WARN_DIRECT_OBJC_ISA_USAGE = YES_ERROR;
				CLANG_WARN_DOCUMENTATION_COMMENTS = YES;
				CLANG_WARN_EMPTY_BODY = YES;
				CLANG_WARN_ENUM_CONVERSION = YES;
				CLANG_WARN_INFINITE_RECURSION = YES;
				CLANG_WARN_INT_CONVERSION = YES;
				CLANG_WARN_NON_LITERAL_NULL_CONVERSION = YES;
				CLANG_WARN_OBJC_IMPLICIT_RETAIN_SELF = YES;
				CLANG_WARN_OBJC_LITERAL_CONVERSION = YES;
				CLANG_WARN_OBJC_ROOT_CLASS = YES_ERROR;
				CLANG_WARN_QUOTED_INCLUDE_IN_FRAMEWORK_HEADER = YES;
				CLANG_WARN_RANGE_LOOP_ANALYSIS = YES;
				CLANG_WARN_STRICT_PROTOTYPES = YES;
				CLANG_WARN_SUSPICIOUS_MOVE = YES;
				CLANG_WARN_UNGUARDED_AVAILABILITY = YES_AGGRESSIVE;
				CLANG_WARN_UNREACHABLE_CODE = YES;
				CLANG_WARN__DUPLICATE_METHOD_MATCH = YES;
				COPY_PHASE_STRIP = NO;
				DEBUG_INFORMATION_FORMAT = "dwarf-with-dsym";
				ENABLE_NS_ASSERTIONS = NO;
				ENABLE_STRICT_OBJC_MSGSEND = YES;
				GCC_C_LANGUAGE_STANDARD = gnu11;
				GCC_NO_COMMON_BLOCKS = YES;
				GCC_WARN_64_TO_32_BIT_CONVERSION = YES;
				GCC_WARN_ABOUT_RETURN_TYPE = YES_ERROR;
				GCC_WARN_UNDECLARED_SELECTOR = YES;
				GCC_WARN_UNINITIALIZED_AUTOS = YES_AGGRESSIVE;
				GCC_WARN_UNUSED_FUNCTION = YES;
				GCC_WARN_UNUSED_VARIABLE = YES;
				MTL_ENABLE_DEBUG_INFO = NO;
				MTL_FAST_MATH = YES;
				SWIFT_COMPILATION_MODE = wholemodule;
				SWIFT_OPTIMIZATION_LEVEL = "-O";
			};
			name = Release;
		};
		DF420DAE26EC8618003B136D /* Debug */ = {
			isa = XCBuildConfiguration;
			buildSettings = {
				ASSETCATALOG_COMPILER_APPICON_NAME = AppIcon;
				ASSETCATALOG_COMPILER_GLOBAL_ACCENT_COLOR_NAME = AccentColor;
				CODE_SIGN_STYLE = Automatic;
				DEVELOPMENT_TEAM = Q49GZ2S37V;
				ENABLE_PREVIEWS = YES;
				INFOPLIST_FILE = iOS/Info.plist;
				IPHONEOS_DEPLOYMENT_TARGET = 14.0;
				LD_RUNPATH_SEARCH_PATHS = (
					"$(inherited)",
					"@executable_path/Frameworks",
				);
				PRODUCT_BUNDLE_IDENTIFIER = "com.my.swift-project";
				PRODUCT_NAME = "swift-project";
				SDKROOT = iphoneos;
				SWIFT_VERSION = 5.0;
				TARGETED_DEVICE_FAMILY = "1,2";
			};
			name = Debug;
		};
		DF420DAF26EC8618003B136D /* Release */ = {
			isa = XCBuildConfiguration;
			buildSettings = {
				ASSETCATALOG_COMPILER_APPICON_NAME = AppIcon;
				ASSETCATALOG_COMPILER_GLOBAL_ACCENT_COLOR_NAME = AccentColor;
				CODE_SIGN_STYLE = Automatic;
				DEVELOPMENT_TEAM = Q49GZ2S37V;
				ENABLE_PREVIEWS = YES;
				INFOPLIST_FILE = iOS/Info.plist;
				IPHONEOS_DEPLOYMENT_TARGET = 14.0;
				LD_RUNPATH_SEARCH_PATHS = (
					"$(inherited)",
					"@executable_path/Frameworks",
				);
				PRODUCT_BUNDLE_IDENTIFIER = "com.my.swift-project";
				PRODUCT_NAME = "swift-project";
				SDKROOT = iphoneos;
				SWIFT_VERSION = 5.0;
				TARGETED_DEVICE_FAMILY = "1,2";
				VALIDATE_PRODUCT = YES;
			};
			name = Release;
		};
		DF420DB126EC8618003B136D /* Debug */ = {
			isa = XCBuildConfiguration;
			buildSettings = {
				ASSETCATALOG_COMPILER_APPICON_NAME = AppIcon;
				ASSETCATALOG_COMPILER_GLOBAL_ACCENT_COLOR_NAME = AccentColor;
				CODE_SIGN_ENTITLEMENTS = macOS/macOS.entitlements;
				CODE_SIGN_STYLE = Automatic;
				COMBINE_HIDPI_IMAGES = YES;
				DEVELOPMENT_TEAM = Q49GZ2S37V;
				ENABLE_HARDENED_RUNTIME = YES;
				ENABLE_PREVIEWS = YES;
				INFOPLIST_FILE = macOS/Info.plist;
				LD_RUNPATH_SEARCH_PATHS = (
					"$(inherited)",
					"@executable_path/../Frameworks",
				);
				MACOSX_DEPLOYMENT_TARGET = 11.0;
				PRODUCT_BUNDLE_IDENTIFIER = "com.my.swift-project";
				PRODUCT_NAME = "swift-project";
				SDKROOT = macosx;
				SWIFT_VERSION = 5.0;
			};
			name = Debug;
		};
		DF420DB226EC8618003B136D /* Release */ = {
			isa = XCBuildConfiguration;
			buildSettings = {
				ASSETCATALOG_COMPILER_APPICON_NAME = AppIcon;
				ASSETCATALOG_COMPILER_GLOBAL_ACCENT_COLOR_NAME = AccentColor;
				CODE_SIGN_ENTITLEMENTS = macOS/macOS.entitlements;
				CODE_SIGN_STYLE = Automatic;
				COMBINE_HIDPI_IMAGES = YES;
				DEVELOPMENT_TEAM = Q49GZ2S37V;
				ENABLE_HARDENED_RUNTIME = YES;
				ENABLE_PREVIEWS = YES;
				INFOPLIST_FILE = macOS/Info.plist;
				LD_RUNPATH_SEARCH_PATHS = (
					"$(inherited)",
					"@executable_path/../Frameworks",
				);
				MACOSX_DEPLOYMENT_TARGET = 11.0;
				PRODUCT_BUNDLE_IDENTIFIER = "com.my.swift-project";
				PRODUCT_NAME = "swift-project";
				SDKROOT = macosx;
				SWIFT_VERSION = 5.0;
			};
			name = Release;
		};
/* End XCBuildConfiguration section */

/* Begin XCConfigurationList section */
		DF420D9026EC860C003B136D /* Build configuration list for PBXProject "swift-project" */ = {
			isa = XCConfigurationList;
			buildConfigurations = (
				DF420DAB26EC8618003B136D /* Debug */,
				DF420DAC26EC8618003B136D /* Release */,
			);
			defaultConfigurationIsVisible = 0;
			defaultConfigurationName = Release;
		};
		DF420DAD26EC8618003B136D /* Build configuration list for PBXNativeTarget "swift-project (iOS)" */ = {
			isa = XCConfigurationList;
			buildConfigurations = (
				DF420DAE26EC8618003B136D /* Debug */,
				DF420DAF26EC8618003B136D /* Release */,
			);
			defaultConfigurationIsVisible = 0;
			defaultConfigurationName = Release;
		};
		DF420DB026EC8618003B136D /* Build configuration list for PBXNativeTarget "swift-project (macOS)" */ = {
			isa = XCConfigurationList;
			buildConfigurations = (
				DF420DB126EC8618003B136D /* Debug */,
				DF420DB226EC8618003B136D /* Release */,
			);
			defaultConfigurationIsVisible = 0;
			defaultConfigurationName = Release;
		};
/* End XCConfigurationList section */
	};
	rootObject = DF420D8D26EC860C003B136D /* Project object */;
}
